
Microsoft Visual Studio Solution File, Format Version 10.00
# Visual C++ Express 2008
Project("{8BC9CEB8-8B4A-11D0-8D11-00A0C91BC942}") = "winmgr", "winmgr\winmgr.vcproj", "{8F0DA246-3A4A-4AA4-80CE-5702D37CCA8D}"
EndProject
Global
	GlobalSection(SolutionConfigurationPlatforms) = preSolution
		Debug|Win32 = Debug|Win32
		Release|Win32 = Release|Win32
	EndGlobalSection
	GlobalSection(ProjectConfigurationPlatforms) = postSolution
		{8F0DA246-3A4A-4AA4-80CE-5702D37CCA8D}.Debug|Win32.ActiveCfg = Debug|Win32
		{8F0DA246-3A4A-4AA4-80CE-5702D37CCA8D}.Debug|Win32.Build.0 = Debug|Win32
		{8F0DA246-3A4A-4AA4-80CE-5702D37CCA8D}.Release|Win32.ActiveCfg = Release|Win32
		{8F0DA246-3A4A-4AA4-80CE-5702D37CCA8D}.Release|Win32.Build.0 = Release|Win32
	EndGlobalSection
	GlobalSection(SolutionProperties) = preSolution
		HideSolutionNode = FALSE
	EndGlobalSection
EndGlobal
